// !$*UTF8*$!
{
	archiveVersion = 1;
	classes = {
	};
	objectVersion = 50;
	objects = {

/* Begin PBXBuildFile section */
		3C747FDF2372E786007EC71B /* AppDelegate.swift in Sources */ = {isa = PBXBuildFile; fileRef = 3C747FDE2372E786007EC71B /* AppDelegate.swift */; };
		3C747FE12372E786007EC71B /* SceneDelegate.swift in Sources */ = {isa = PBXBuildFile; fileRef = 3C747FE02372E786007EC71B /* SceneDelegate.swift */; };
		3C747FE62372E786007EC71B /* Main.storyboard in Resources */ = {isa = PBXBuildFile; fileRef = 3C747FE42372E786007EC71B /* Main.storyboard */; };
		3C747FE82372E789007EC71B /* Assets.xcassets in Resources */ = {isa = PBXBuildFile; fileRef = 3C747FE72372E789007EC71B /* Assets.xcassets */; };
		3C747FEB2372E789007EC71B /* LaunchScreen.storyboard in Resources */ = {isa = PBXBuildFile; fileRef = 3C747FE92372E789007EC71B /* LaunchScreen.storyboard */; };
		3C74801C2372EE4D007EC71B /* ViewController.swift in Sources */ = {isa = PBXBuildFile; fileRef = 3C74801B2372EE4D007EC71B /* ViewController.swift */; };
		3C74801E2372EE5B007EC71B /* Utility.swift in Sources */ = {isa = PBXBuildFile; fileRef = 3C74801D2372EE5B007EC71B /* Utility.swift */; };
/* End PBXBuildFile section */

/* Begin PBXFileReference section */
		3C747FDB2372E786007EC71B /* AlertController_Swift.app */ = {isa = PBXFileReference; explicitFileType = wrapper.application; includeInIndex = 0; path = AlertController_Swift.app; sourceTree = BUILT_PRODUCTS_DIR; };
		3C747FDE2372E786007EC71B /* AppDelegate.swift */ = {isa = PBXFileReference; lastKnownFileType = sourcecode.swift; path = AppDelegate.swift; sourceTree = "<group>"; };
		3C747FE02372E786007EC71B /* SceneDelegate.swift */ = {isa = PBXFileReference; lastKnownFileType = sourcecode.swift; path = SceneDelegate.swift; sourceTree = "<group>"; };
		3C747FE52372E786007EC71B /* Base */ = {isa = PBXFileReference; lastKnownFileType = file.storyboard; name = Base; path = Base.lproj/Main.storyboard; sourceTree = "<group>"; };
		3C747FE72372E789007EC71B /* Assets.xcassets */ = {isa = PBXFileReference; lastKnownFileType = folder.assetcatalog; path = Assets.xcassets; sourceTree = "<group>"; };
		3C747FEA2372E789007EC71B /* Base */ = {isa = PBXFileReference; lastKnownFileType = file.storyboard; name = Base; path = Base.lproj/LaunchScreen.storyboard; sourceTree = "<group>"; };
		3C747FEC2372E789007EC71B /* Info.plist */ = {isa = PBXFileReference; lastKnownFileType = text.plist.xml; path = Info.plist; sourceTree = "<group>"; };
		3C74801B2372EE4D007EC71B /* ViewController.swift */ = {isa = PBXFileReference; lastKnownFileType = sourcecode.swift; path = ViewController.swift; sourceTree = "<group>"; };
		3C74801D2372EE5B007EC71B /* Utility.swift */ = {isa = PBXFileReference; lastKnownFileType = sourcecode.swift; path = Utility.swift; sourceTree = "<group>"; };
/* End PBXFileReference section */

/* Begin PBXFrameworksBuildPhase section */
		3C747FD82372E786007EC71B /* Frameworks */ = {
			isa = PBXFrameworksBuildPhase;
			buildActionMask = 2147483647;
			files = (
			);
			runOnlyForDeploymentPostprocessing = 0;
		};
/* End PBXFrameworksBuildPhase section */

/* Begin PBXGroup section */
		3C747FD22372E786007EC71B = {
			isa = PBXGroup;
			children = (
				3C747FDD2372E786007EC71B /* AlertController_Swift */,
				3C747FDC2372E786007EC71B /* Products */,
			);
			sourceTree = "<group>";
		};
		3C747FDC2372E786007EC71B /* Products */ = {
			isa = PBXGroup;
			children = (
				3C747FDB2372E786007EC71B /* AlertController_Swift.app */,
			);
			name = Products;
			sourceTree = "<group>";
		};
		3C747FDD2372E786007EC71B /* AlertController_Swift */ = {
			isa = PBXGroup;
			children = (
				3C747FDE2372E786007EC71B /* AppDelegate.swift */,
				3C747FE02372E786007EC71B /* SceneDelegate.swift */,
				3C747FE42372E786007EC71B /* Main.storyboard */,
				3C7480182372E7F2007EC71B /* Views */,
				3C747FE72372E789007EC71B /* Assets.xcassets */,
				3C7480172372E7F2007EC71B /* Utility */,
				3C747FE92372E789007EC71B /* LaunchScreen.storyboard */,
				3C747FEC2372E789007EC71B /* Info.plist */,
			);
			path = AlertController_Swift;
			sourceTree = "<group>";
		};
		3C7480172372E7F2007EC71B /* Utility */ = {
			isa = PBXGroup;
			children = (
				3C74801D2372EE5B007EC71B /* Utility.swift */,
			);
			path = Utility;
			sourceTree = "<group>";
		};
		3C7480182372E7F2007EC71B /* Views */ = {
			isa = PBXGroup;
			children = (
				3C74801B2372EE4D007EC71B /* ViewController.swift */,
			);
			path = Views;
			sourceTree = "<group>";
		};
/* End PBXGroup section */

/* Begin PBXNativeTarget section */
		3C747FDA2372E786007EC71B /* AlertController_Swift */ = {
			isa = PBXNativeTarget;
			buildConfigurationList = 3C747FEF2372E789007EC71B /* Build configuration list for PBXNativeTarget "AlertController_Swift" */;
			buildPhases = (
				3C747FD72372E786007EC71B /* Sources */,
				3C747FD82372E786007EC71B /* Frameworks */,
				3C747FD92372E786007EC71B /* Resources */,
			);
			buildRules = (
			);
			dependencies = (
			);
			name = AlertController_Swift;
			productName = AlertController_Swift;
			productReference = 3C747FDB2372E786007EC71B /* AlertController_Swift.app */;
			productType = "com.apple.product-type.application";
		};
/* End PBXNativeTarget section */

/* Begin PBXProject section */
		3C747FD32372E786007EC71B /* Project object */ = {
			isa = PBXProject;
			attributes = {
				LastSwiftUpdateCheck = 1110;
				LastUpgradeCheck = 1110;
				ORGANIZATIONNAME = 9Brainz;
				TargetAttributes = {
					3C747FDA2372E786007EC71B = {
						CreatedOnToolsVersion = 11.1;
					};
				};
			};
			buildConfigurationList = 3C747FD62372E786007EC71B /* Build configuration list for PBXProject "AlertController_Swift" */;
			compatibilityVersion = "Xcode 9.3";
			developmentRegion = en;
			hasScannedForEncodings = 0;
			knownRegions = (
				en,
				Base,
			);
			mainGroup = 3C747FD22372E786007EC71B;
			productRefGroup = 3C747FDC2372E786007EC71B /* Products */;
			projectDirPath = "";
			projectRoot = "";
			targets = (
				3C747FDA2372E786007EC71B /* AlertController_Swift */,
			);
		};
/* End PBXProject section */

/* Begin PBXResourcesBuildPhase section */
		3C747FD92372E786007EC71B /* Resources */ = {
			isa = PBXResourcesBuildPhase;
			buildActionMask = 2147483647;
			files = (
				3C747FEB2372E789007EC71B /* LaunchScreen.storyboard in Resources */,
				3C747FE82372E789007EC71B /* Assets.xcassets in Resources */,
				3C747FE62372E786007EC71B /* Main.storyboard in Resources */,
			);
			runOnlyForDeploymentPostprocessing = 0;
		};
/* End PBXResourcesBuildPhase section */

/* Begin PBXSourcesBuildPhase section */
		3C747FD72372E786007EC71B /* Sources */ = {
			isa = PBXSourcesBuildPhase;
			buildActionMask = 2147483647;
			files = (
				3C74801E2372EE5B007EC71B /* Utility.swift in Sources */,
				3C74801C2372EE4D007EC71B /* ViewController.swift in Sources */,
				3C747FDF2372E786007EC71B /* AppDelegate.swift in Sources */,
				3C747FE12372E786007EC71B /* SceneDelegate.swift in Sources */,
			);
			runOnlyForDeploymentPostprocessing = 0;
		};
/* End PBXSourcesBuildPhase section */

/* Begin PBXVariantGroup section */
		3C747FE42372E786007EC71B /* Main.storyboard */ = {
			isa = PBXVariantGroup;
			children = (
				3C747FE52372E786007EC71B /* Base */,
			);
			name = Main.storyboard;
			sourceTree = "<group>";
		};
		3C747FE92372E789007EC71B /* LaunchScreen.storyboard */ = {
			isa = PBXVariantGroup;
			children = (
				3C747FEA2372E789007EC71B /* Base */,
			);
			name = LaunchScreen.storyboard;
			sourceTree = "<group>";
		};
/* End PBXVariantGroup section */

/* Begin XCBuildConfiguration section */
		3C747FED2372E789007EC71B /* Debug */ = {
			isa = XCBuildConfiguration;
			buildSettings = {
				ALWAYS_SEARCH_USER_PATHS = NO;
				CLANG_ANALYZER_NONNULL = YES;
				CLANG_ANALYZER_NUMBER_OBJECT_CONVERSION = YES_AGGRESSIVE;
				CLANG_CXX_LANGUAGE_STANDARD = "gnu++14";
				CLANG_CXX_LIBRARY = "libc++";
				CLANG_ENABLE_MODULES = YES;
				CLANG_ENABLE_OBJC_ARC = YES;
				CLANG_ENABLE_OBJC_WEAK = YES;
				CLANG_WARN_BLOCK_CAPTURE_AUTORELEASING = YES;
				CLANG_WARN_BOOL_CONVERSION = YES;
				CLANG_WARN_COMMA = YES;
				CLANG_WARN_CONSTANT_CONVERSION = YES;
				CLANG_WARN_DEPRECATED_OBJC_IMPLEMENTATIONS = YES;
				CLANG_WARN_DIRECT_OBJC_ISA_USAGE = YES_ERROR;
				CLANG_WARN_DOCUMENTATION_COMMENTS = YES;
				CLANG_WARN_EMPTY_BODY = YES;
				CLANG_WARN_ENUM_CONVERSION = YES;
				CLANG_WARN_INFINITE_RECURSION = YES;
				CLANG_WARN_INT_CONVERSION = YES;
				CLANG_WARN_NON_LITERAL_NULL_CONVERSION = YES;
				CLANG_WARN_OBJC_IMPLICIT_RETAIN_SELF = YES;
				CLANG_WARN_OBJC_LITERAL_CONVERSION = YES;
				CLANG_WARN_OBJC_ROOT_CLASS = YES_ERROR;
				CLANG_WARN_RANGE_LOOP_ANALYSIS = YES;
				CLANG_WARN_STRICT_PROTOTYPES = YES;
				CLANG_WARN_SUSPICIOUS_MOVE = YES;
				CLANG_WARN_UNGUARDED_AVAILABILITY = YES_AGGRESSIVE;
				CLANG_WARN_UNREACHABLE_CODE = YES;
				CLANG_WARN__DUPLICATE_METHOD_MATCH = YES;
				COPY_PHASE_STRIP = NO;
				DEBUG_INFORMATION_FORMAT = dwarf;
				ENABLE_STRICT_OBJC_MSGSEND = YES;
				ENABLE_TESTABILITY = YES;
				GCC_C_LANGUAGE_STANDARD = gnu11;
				GCC_DYNAMIC_NO_PIC = NO;
				GCC_NO_COMMON_BLOCKS = YES;
				GCC_OPTIMIZATION_LEVEL = 0;
				GCC_PREPROCESSOR_DEFINITIONS = (
					"DEBUG=1",
					"$(inherited)",
				);
				GCC_WARN_64_TO_32_BIT_CONVERSION = YES;
				GCC_WARN_ABOUT_RETURN_TYPE = YES_ERROR;
				GCC_WARN_UNDECLARED_SELECTOR = YES;
				GCC_WARN_UNINITIALIZED_AUTOS = YES_AGGRESSIVE;
				GCC_WARN_UNUSED_FUNCTION = YES;
				GCC_WARN_UNUSED_VARIABLE = YES;
				IPHONEOS_DEPLOYMENT_TARGET = 13.1;
				MTL_ENABLE_DEBUG_INFO = INCLUDE_SOURCE;
				MTL_FAST_MATH = YES;
				ONLY_ACTIVE_ARCH = YES;
				SDKROOT = iphoneos;
				SWIFT_ACTIVE_COMPILATION_CONDITIONS = DEBUG;
				SWIFT_OPTIMIZATION_LEVEL = "-Onone";
			};
			name = Debug;
		};
		3C747FEE2372E789007EC71B /* Release */ = {
			isa = XCBuildConfiguration;
			buildSettings = {
				ALWAYS_SEARCH_USER_PATHS = NO;
				CLANG_ANALYZER_NONNULL = YES;
				CLANG_ANALYZER_NUMBER_OBJECT_CONVERSION = YES_AGGRESSIVE;
				CLANG_CXX_LANGUAGE_STANDARD = "gnu++14";
				CLANG_CXX_LIBRARY = "libc++";
				CLANG_ENABLE_MODULES = YES;
				CLANG_ENABLE_OBJC_ARC = YES;
				CLANG_ENABLE_OBJC_WEAK = YES;
				CLANG_WARN_BLOCK_CAPTURE_AUTORELEASING = YES;
				CLANG_WARN_BOOL_CONVERSION = YES;
				CLANG_WARN_COMMA = YES;
				CLANG_WARN_CONSTANT_CONVERSION = YES;
				CLANG_WARN_DEPRECATED_OBJC_IMPLEMENTATIONS = YES;
				CLANG_WARN_DIRECT_OBJC_ISA_USAGE = YES_ERROR;
				CLANG_WARN_DOCUMENTATION_COMMENTS = YES;
				CLANG_WARN_EMPTY_BODY = YES;
				CLANG_WARN_ENUM_CONVERSION = YES;
				CLANG_WARN_INFINITE_RECURSION = YES;
				CLANG_WARN_INT_CONVERSION = YES;
				CLANG_WARN_NON_LITERAL_NULL_CONVERSION = YES;
				CLANG_WARN_OBJC_IMPLICIT_RETAIN_SELF = YES;
				CLANG_WARN_OBJC_LITERAL_CONVERSION = YES;
				CLANG_WARN_OBJC_ROOT_CLASS = YES_ERROR;
				CLANG_WARN_RANGE_LOOP_ANALYSIS = YES;
				CLANG_WARN_STRICT_PROTOTYPES = YES;
				CLANG_WARN_SUSPICIOUS_MOVE = YES;
				CLANG_WARN_UNGUARDED_AVAILABILITY = YES_AGGRESSIVE;
				CLANG_WARN_UNREACHABLE_CODE = YES;
				CLANG_WARN__DUPLICATE_METHOD_MATCH = YES;
				COPY_PHASE_STRIP = NO;
				DEBUG_INFORMATION_FORMAT = "dwarf-with-dsym";
				ENABLE_NS_ASSERTIONS = NO;
				ENABLE_STRICT_OBJC_MSGSEND = YES;
				GCC_C_LANGUAGE_STANDARD = gnu11;
				GCC_NO_COMMON_BLOCKS = YES;
				GCC_WARN_64_TO_32_BIT_CONVERSION = YES;
				GCC_WARN_ABOUT_RETURN_TYPE = YES_ERROR;
				GCC_WARN_UNDECLARED_SELECTOR = YES;
				GCC_WARN_UNINITIALIZED_AUTOS = YES_AGGRESSIVE;
				GCC_WARN_UNUSED_FUNCTION = YES;
				GCC_WARN_UNUSED_VARIABLE = YES;
				IPHONEOS_DEPLOYMENT_TARGET = 13.1;
				MTL_ENABLE_DEBUG_INFO = NO;
				MTL_FAST_MATH = YES;
				SDKROOT = iphoneos;
				SWIFT_COMPILATION_MODE = wholemodule;
				SWIFT_OPTIMIZATION_LEVEL = "-O";
				VALIDATE_PRODUCT = YES;
			};
			name = Release;
		};
		3C747FF02372E789007EC71B /* Debug */ = {
			isa = XCBuildConfiguration;
			buildSettings = {
				ASSETCATALOG_COMPILER_APPICON_NAME = AppIcon;
				CODE_SIGN_STYLE = Automatic;
				INFOPLIST_FILE = AlertController_Swift/Info.plist;
				LD_RUNPATH_SEARCH_PATHS = (
					"$(inherited)",
					"@executable_path/Frameworks",
				);
				PRODUCT_BUNDLE_IDENTIFIER = "com.9Brainz.AlertController-Swift";
				PRODUCT_NAME = "$(TARGET_NAME)";
				SWIFT_VERSION = 5.0;
				TARGETED_DEVICE_FAMILY = "1,2";
			};
			name = Debug;
		};
		3C747FF12372E789007EC71B /* Release */ = {
			isa = XCBuildConfiguration;
			buildSettings = {
				ASSETCATALOG_COMPILER_APPICON_NAME = AppIcon;
				CODE_SIGN_STYLE = Automatic;
				INFOPLIST_FILE = AlertController_Swift/Info.plist;
				LD_RUNPATH_SEARCH_PATHS = (
					"$(inherited)",
					"@executable_path/Frameworks",
				);
				PRODUCT_BUNDLE_IDENTIFIER = "com.9Brainz.AlertController-Swift";
				PRODUCT_NAME = "$(TARGET_NAME)";
				SWIFT_VERSION = 5.0;
				TARGETED_DEVICE_FAMILY = "1,2";
			};
			name = Release;
		};
/* End XCBuildConfiguration section */

/* Begin XCConfigurationList section */
		3C747FD62372E786007EC71B /* Build configuration list for PBXProject "AlertController_Swift" */ = {
			isa = XCConfigurationList;
			buildConfigurations = (
				3C747FED2372E789007EC71B /* Debug */,
				3C747FEE2372E789007EC71B /* Release */,
			);
			defaultConfigurationIsVisible = 0;
			defaultConfigurationName = Release;
		};
		3C747FEF2372E789007EC71B /* Build configuration list for PBXNativeTarget "AlertController_Swift" */ = {
			isa = XCConfigurationList;
			buildConfigurations = (
				3C747FF02372E789007EC71B /* Debug */,
				3C747FF12372E789007EC71B /* Release */,
			);
			defaultConfigurationIsVisible = 0;
			defaultConfigurationName = Release;
		};
/* End XCConfigurationList section */
	};
	rootObject = 3C747FD32372E786007EC71B /* Project object */;
}
